{
  "name": "package.json",
  "version": "1.0.0",
  "lockfileVersion": 1,
  "requires": true,
  "dependencies": {
    "gulp-miniprogram-path-alias": {
      "version": "0.3.1",
      "resolved": "https://registry.npmjs.org/gulp-miniprogram-path-alias/-/gulp-miniprogram-path-alias-0.3.1.tgz",
      "integrity": "sha512-ze8A5K9YwikRTy/Sc8+J3gVVJQgobAvucE+4nK7Qqghlt88cjfGKCDZsV1Fa5cnup7FVObaw1wgpXqUq7WrRUQ==",
      "dev": true
    }
  }
}
